
Microsoft Visual Studio Solution File, Format Version 10.00
# Visual Studio 2008
Project("{FAE04EC0-301F-11D3-BF4B-00C04F79EFBC}") = "Kinetic", "Kinetic.csproj", "{B94DC721-B025-466F-846D-ED29F7AACEFF}"
EndProject
Global
	GlobalSection(SolutionConfigurationPlatforms) = preSolution
		Debug|x86 = Debug|x86
		Release|x86 = Release|x86
	EndGlobalSection
	GlobalSection(ProjectConfigurationPlatforms) = postSolution
		{B94DC721-B025-466F-846D-ED29F7AACEFF}.Debug|x86.ActiveCfg = Debug|x86
		{B94DC721-B025-466F-846D-ED29F7AACEFF}.Debug|x86.Build.0 = Debug|x86
		{B94DC721-B025-466F-846D-ED29F7AACEFF}.Release|x86.ActiveCfg = Release|x86
		{B94DC721-B025-466F-846D-ED29F7AACEFF}.Release|x86.Build.0 = Release|x86
	EndGlobalSection
	GlobalSection(MonoDevelopProperties) = preSolution
		StartupItem = Kinetic.csproj
	EndGlobalSection
EndGlobal
